# This file is automatically @generated by Cargo.
# It is not intended for manual editing.
version = 3

[[package]]
name = "dec_01"
version = "0.1.0"

[[package]]
name = "dec_02"
version = "0.1.0"

[[package]]
name = "dec_03"
version = "0.1.0"

[[package]]
name = "dec_04"
version = "0.1.0"

[[package]]
name = "dec_05"
version = "0.1.0"

[[package]]
name = "dec_06"
version = "0.1.0"

[[package]]
name = "dec_07"
version = "0.1.0"

[[package]]
name = "dec_08"
version = "0.1.0"

[[package]]
name = "dec_09"
version = "0.1.0"

[[package]]
name = "dec_10"
version = "0.1.0"

[[package]]
name = "dec_11"
version = "0.1.0"

[[package]]
name = "dec_12"
version = "0.1.0"

[[package]]
name = "dec_13"
version = "0.1.0"

[[package]]
name = "dec_14"
version = "0.1.0"

[[package]]
name = "dec_15"
version = "0.1.0"

[[package]]
name = "dec_16"
version = "0.1.0"

[[package]]
name = "dec_17"
version = "0.1.0"

[[package]]
name = "dec_18"
version = "0.1.0"

[[package]]
name = "dec_19"
version = "0.1.0"

[[package]]
name = "dec_20"
version = "0.1.0"

[[package]]
name = "dec_21"
version = "0.1.0"

[[package]]
name = "dec_22"
version = "0.1.0"

[[package]]
name = "dec_23"
version = "0.1.0"

[[package]]
name = "dec_24"
version = "0.1.0"

[[package]]
name = "dec_25"
version = "0.1.0"
